
Microsoft Visual Studio Solution File, Format Version 12.00
# Visual Studio Version 17
VisualStudioVersion = 17.4.33103.184
MinimumVisualStudioVersion = 10.0.40219.1
Project("{2150E333-8FDC-42A3-9474-1A3956D46DE8}") = "A - Creational", "A - Creational", "{0EC7EDBF-26BB-462F-888D-91E15BF23049}"
EndProject
Project("{9A19103F-16F7-4668-BE54-9A1E7A4F7556}") = "Singleton", "Creational\Singleton\Singleton.csproj", "{2AC71240-8C21-4CF9-A851-366E795AAC2A}"
EndProject
Project("{9A19103F-16F7-4668-BE54-9A1E7A4F7556}") = "AbstractFactory", "Creational\AbstractFactory\AbstractFactory.csproj", "{0A002CBD-95FC-4DB9-B315-266FBB5C5997}"
EndProject
Project("{9A19103F-16F7-4668-BE54-9A1E7A4F7556}") = "FactoryMethod", "Creational\FactoryMethod\FactoryMethod.csproj", "{36FBE602-7987-4154-AAF3-F39A610C441C}"
EndProject
Project("{9A19103F-16F7-4668-BE54-9A1E7A4F7556}") = "Builder", "Creational\Builder\Builder.csproj", "{56357B17-C823-4389-A6D6-1FF67A66025A}"
EndProject
Project("{9A19103F-16F7-4668-BE54-9A1E7A4F7556}") = "Prototype", "Creational\Prototype\Prototype.csproj", "{E8FA8906-091F-4FD6-ACC1-A7A392F528AD}"
EndProject
Project("{2150E333-8FDC-42A3-9474-1A3956D46DE8}") = "B - Structural", "B - Structural", "{42C7D9E5-8F77-4798-AFC1-0237644F34FB}"
EndProject
Project("{9A19103F-16F7-4668-BE54-9A1E7A4F7556}") = "Adapter", "Structural\Adapter\Adapter.csproj", "{C5CEA617-CD46-45FC-BBDC-9745EA19EC10}"
EndProject
Project("{9A19103F-16F7-4668-BE54-9A1E7A4F7556}") = "Bridge", "Structural\Bridge\Bridge.csproj", "{74EC1EEA-2320-40B7-B9DB-5AF2013F371E}"
EndProject
Project("{9A19103F-16F7-4668-BE54-9A1E7A4F7556}") = "Decorator", "Structural\Decorator\Decorator.csproj", "{4E0DECBE-C408-47AE-B32D-F3BFAC07FEDC}"
EndProject
Project("{9A19103F-16F7-4668-BE54-9A1E7A4F7556}") = "Composite", "Structural\Composite\Composite.csproj", "{7AA3BF74-CB21-4193-887A-7E8919A15ED8}"
EndProject
Project("{9A19103F-16F7-4668-BE54-9A1E7A4F7556}") = "Facade", "Structural\Facade\Facade.csproj", "{C106DC55-A07B-4332-811D-42EE62DCC404}"
EndProject
Project("{9A19103F-16F7-4668-BE54-9A1E7A4F7556}") = "Proxy", "Structural\Proxy\Proxy.csproj", "{C31E9BF3-C7D6-4F80-BD94-84070A61CE67}"
EndProject
Project("{9A19103F-16F7-4668-BE54-9A1E7A4F7556}") = "Flyweight", "Structural\Flyweight\Flyweight.csproj", "{538A0592-DA11-473B-93DC-FA2044469B09}"
EndProject
Project("{2150E333-8FDC-42A3-9474-1A3956D46DE8}") = "C - Behavioral", "C - Behavioral", "{DD0332F3-160E-48FB-B79F-6CD14DB1FFFD}"
EndProject
Project("{9A19103F-16F7-4668-BE54-9A1E7A4F7556}") = "TemplateMethod", "Behavioral\TemplateMethod\TemplateMethod.csproj", "{3A623FB3-4DA8-466E-BB0D-16889B7788B7}"
EndProject
Project("{9A19103F-16F7-4668-BE54-9A1E7A4F7556}") = "Strategy", "Behavioral\Strategy\Strategy.csproj", "{7384854A-3210-4099-813A-5DE4ED9A3F04}"
EndProject
Project("{9A19103F-16F7-4668-BE54-9A1E7A4F7556}") = "Command", "Behavioral\Command\Command.csproj", "{1E7D386A-1B0F-4824-9FAB-A90EE8F5562D}"
EndProject
Project("{9A19103F-16F7-4668-BE54-9A1E7A4F7556}") = "Memento", "Behavioral\Memento\Memento.csproj", "{9B670FFC-3C94-4337-83EA-847C014BAF75}"
EndProject
Project("{9A19103F-16F7-4668-BE54-9A1E7A4F7556}") = "Mediator", "Behavioral\Mediator\Mediator.csproj", "{AD56FD27-9351-4FFB-B415-388B31E3912A}"
EndProject
Project("{9A19103F-16F7-4668-BE54-9A1E7A4F7556}") = "ChainOfResponsibility", "Behavioral\ChainOfResponsibility\ChainOfResponsibility.csproj", "{E4244FD3-9980-4B91-9E6D-700FF0AFD957}"
EndProject
Project("{9A19103F-16F7-4668-BE54-9A1E7A4F7556}") = "Observer", "Behavioral\Observer\Observer.csproj", "{6E7B73A0-FEFE-4A45-ABF7-D5A5AAAEEC97}"
EndProject
Project("{9A19103F-16F7-4668-BE54-9A1E7A4F7556}") = "State", "Behavioral\State\State.csproj", "{8E33BCD2-CEB2-4F71-92EE-159B23AA7D08}"
EndProject
Project("{FAE04EC0-301F-11D3-BF4B-00C04F79EFBC}") = "Iterator", "Behavioral\Iterator\Iterator.csproj", "{E0995E18-295D-4699-85C7-188B4B442FF7}"
EndProject
Global
	GlobalSection(SolutionConfigurationPlatforms) = preSolution
		Debug|Any CPU = Debug|Any CPU
		Release|Any CPU = Release|Any CPU
	EndGlobalSection
	GlobalSection(ProjectConfigurationPlatforms) = postSolution
		{2AC71240-8C21-4CF9-A851-366E795AAC2A}.Debug|Any CPU.ActiveCfg = Debug|Any CPU
		{2AC71240-8C21-4CF9-A851-366E795AAC2A}.Debug|Any CPU.Build.0 = Debug|Any CPU
		{2AC71240-8C21-4CF9-A851-366E795AAC2A}.Release|Any CPU.ActiveCfg = Release|Any CPU
		{2AC71240-8C21-4CF9-A851-366E795AAC2A}.Release|Any CPU.Build.0 = Release|Any CPU
		{0A002CBD-95FC-4DB9-B315-266FBB5C5997}.Debug|Any CPU.ActiveCfg = Debug|Any CPU
		{0A002CBD-95FC-4DB9-B315-266FBB5C5997}.Debug|Any CPU.Build.0 = Debug|Any CPU
		{0A002CBD-95FC-4DB9-B315-266FBB5C5997}.Release|Any CPU.ActiveCfg = Release|Any CPU
		{0A002CBD-95FC-4DB9-B315-266FBB5C5997}.Release|Any CPU.Build.0 = Release|Any CPU
		{36FBE602-7987-4154-AAF3-F39A610C441C}.Debug|Any CPU.ActiveCfg = Debug|Any CPU
		{36FBE602-7987-4154-AAF3-F39A610C441C}.Debug|Any CPU.Build.0 = Debug|Any CPU
		{36FBE602-7987-4154-AAF3-F39A610C441C}.Release|Any CPU.ActiveCfg = Release|Any CPU
		{36FBE602-7987-4154-AAF3-F39A610C441C}.Release|Any CPU.Build.0 = Release|Any CPU
		{56357B17-C823-4389-A6D6-1FF67A66025A}.Debug|Any CPU.ActiveCfg = Debug|Any CPU
		{56357B17-C823-4389-A6D6-1FF67A66025A}.Debug|Any CPU.Build.0 = Debug|Any CPU
		{56357B17-C823-4389-A6D6-1FF67A66025A}.Release|Any CPU.ActiveCfg = Release|Any CPU
		{56357B17-C823-4389-A6D6-1FF67A66025A}.Release|Any CPU.Build.0 = Release|Any CPU
		{E8FA8906-091F-4FD6-ACC1-A7A392F528AD}.Debug|Any CPU.ActiveCfg = Debug|Any CPU
		{E8FA8906-091F-4FD6-ACC1-A7A392F528AD}.Debug|Any CPU.Build.0 = Debug|Any CPU
		{E8FA8906-091F-4FD6-ACC1-A7A392F528AD}.Release|Any CPU.ActiveCfg = Release|Any CPU
		{E8FA8906-091F-4FD6-ACC1-A7A392F528AD}.Release|Any CPU.Build.0 = Release|Any CPU
		{C5CEA617-CD46-45FC-BBDC-9745EA19EC10}.Debug|Any CPU.ActiveCfg = Debug|Any CPU
		{C5CEA617-CD46-45FC-BBDC-9745EA19EC10}.Debug|Any CPU.Build.0 = Debug|Any CPU
		{C5CEA617-CD46-45FC-BBDC-9745EA19EC10}.Release|Any CPU.ActiveCfg = Release|Any CPU
		{C5CEA617-CD46-45FC-BBDC-9745EA19EC10}.Release|Any CPU.Build.0 = Release|Any CPU
		{74EC1EEA-2320-40B7-B9DB-5AF2013F371E}.Debug|Any CPU.ActiveCfg = Debug|Any CPU
		{74EC1EEA-2320-40B7-B9DB-5AF2013F371E}.Debug|Any CPU.Build.0 = Debug|Any CPU
		{74EC1EEA-2320-40B7-B9DB-5AF2013F371E}.Release|Any CPU.ActiveCfg = Release|Any CPU
		{74EC1EEA-2320-40B7-B9DB-5AF2013F371E}.Release|Any CPU.Build.0 = Release|Any CPU
		{4E0DECBE-C408-47AE-B32D-F3BFAC07FEDC}.Debug|Any CPU.ActiveCfg = Debug|Any CPU
		{4E0DECBE-C408-47AE-B32D-F3BFAC07FEDC}.Debug|Any CPU.Build.0 = Debug|Any CPU
		{4E0DECBE-C408-47AE-B32D-F3BFAC07FEDC}.Release|Any CPU.ActiveCfg = Release|Any CPU
		{4E0DECBE-C408-47AE-B32D-F3BFAC07FEDC}.Release|Any CPU.Build.0 = Release|Any CPU
		{7AA3BF74-CB21-4193-887A-7E8919A15ED8}.Debug|Any CPU.ActiveCfg = Debug|Any CPU
		{7AA3BF74-CB21-4193-887A-7E8919A15ED8}.Debug|Any CPU.Build.0 = Debug|Any CPU
		{7AA3BF74-CB21-4193-887A-7E8919A15ED8}.Release|Any CPU.ActiveCfg = Release|Any CPU
		{7AA3BF74-CB21-4193-887A-7E8919A15ED8}.Release|Any CPU.Build.0 = Release|Any CPU
		{C106DC55-A07B-4332-811D-42EE62DCC404}.Debug|Any CPU.ActiveCfg = Debug|Any CPU
		{C106DC55-A07B-4332-811D-42EE62DCC404}.Debug|Any CPU.Build.0 = Debug|Any CPU
		{C106DC55-A07B-4332-811D-42EE62DCC404}.Release|Any CPU.ActiveCfg = Release|Any CPU
		{C106DC55-A07B-4332-811D-42EE62DCC404}.Release|Any CPU.Build.0 = Release|Any CPU
		{C31E9BF3-C7D6-4F80-BD94-84070A61CE67}.Debug|Any CPU.ActiveCfg = Debug|Any CPU
		{C31E9BF3-C7D6-4F80-BD94-84070A61CE67}.Debug|Any CPU.Build.0 = Debug|Any CPU
		{C31E9BF3-C7D6-4F80-BD94-84070A61CE67}.Release|Any CPU.ActiveCfg = Release|Any CPU
		{C31E9BF3-C7D6-4F80-BD94-84070A61CE67}.Release|Any CPU.Build.0 = Release|Any CPU
		{538A0592-DA11-473B-93DC-FA2044469B09}.Debug|Any CPU.ActiveCfg = Debug|Any CPU
		{538A0592-DA11-473B-93DC-FA2044469B09}.Debug|Any CPU.Build.0 = Debug|Any CPU
		{538A0592-DA11-473B-93DC-FA2044469B09}.Release|Any CPU.ActiveCfg = Release|Any CPU
		{538A0592-DA11-473B-93DC-FA2044469B09}.Release|Any CPU.Build.0 = Release|Any CPU
		{3A623FB3-4DA8-466E-BB0D-16889B7788B7}.Debug|Any CPU.ActiveCfg = Debug|Any CPU
		{3A623FB3-4DA8-466E-BB0D-16889B7788B7}.Debug|Any CPU.Build.0 = Debug|Any CPU
		{3A623FB3-4DA8-466E-BB0D-16889B7788B7}.Release|Any CPU.ActiveCfg = Release|Any CPU
		{3A623FB3-4DA8-466E-BB0D-16889B7788B7}.Release|Any CPU.Build.0 = Release|Any CPU
		{7384854A-3210-4099-813A-5DE4ED9A3F04}.Debug|Any CPU.ActiveCfg = Debug|Any CPU
		{7384854A-3210-4099-813A-5DE4ED9A3F04}.Debug|Any CPU.Build.0 = Debug|Any CPU
		{7384854A-3210-4099-813A-5DE4ED9A3F04}.Release|Any CPU.ActiveCfg = Release|Any CPU
		{7384854A-3210-4099-813A-5DE4ED9A3F04}.Release|Any CPU.Build.0 = Release|Any CPU
		{1E7D386A-1B0F-4824-9FAB-A90EE8F5562D}.Debug|Any CPU.ActiveCfg = Debug|Any CPU
		{1E7D386A-1B0F-4824-9FAB-A90EE8F5562D}.Debug|Any CPU.Build.0 = Debug|Any CPU
		{1E7D386A-1B0F-4824-9FAB-A90EE8F5562D}.Release|Any CPU.ActiveCfg = Release|Any CPU
		{1E7D386A-1B0F-4824-9FAB-A90EE8F5562D}.Release|Any CPU.Build.0 = Release|Any CPU
		{9B670FFC-3C94-4337-83EA-847C014BAF75}.Debug|Any CPU.ActiveCfg = Debug|Any CPU
		{9B670FFC-3C94-4337-83EA-847C014BAF75}.Debug|Any CPU.Build.0 = Debug|Any CPU
		{9B670FFC-3C94-4337-83EA-847C014BAF75}.Release|Any CPU.ActiveCfg = Release|Any CPU
		{9B670FFC-3C94-4337-83EA-847C014BAF75}.Release|Any CPU.Build.0 = Release|Any CPU
		{AD56FD27-9351-4FFB-B415-388B31E3912A}.Debug|Any CPU.ActiveCfg = Debug|Any CPU
		{AD56FD27-9351-4FFB-B415-388B31E3912A}.Debug|Any CPU.Build.0 = Debug|Any CPU
		{AD56FD27-9351-4FFB-B415-388B31E3912A}.Release|Any CPU.ActiveCfg = Release|Any CPU
		{AD56FD27-9351-4FFB-B415-388B31E3912A}.Release|Any CPU.Build.0 = Release|Any CPU
		{E4244FD3-9980-4B91-9E6D-700FF0AFD957}.Debug|Any CPU.ActiveCfg = Debug|Any CPU
		{E4244FD3-9980-4B91-9E6D-700FF0AFD957}.Debug|Any CPU.Build.0 = Debug|Any CPU
		{E4244FD3-9980-4B91-9E6D-700FF0AFD957}.Release|Any CPU.ActiveCfg = Release|Any CPU
		{E4244FD3-9980-4B91-9E6D-700FF0AFD957}.Release|Any CPU.Build.0 = Release|Any CPU
		{6E7B73A0-FEFE-4A45-ABF7-D5A5AAAEEC97}.Debug|Any CPU.ActiveCfg = Debug|Any CPU
		{6E7B73A0-FEFE-4A45-ABF7-D5A5AAAEEC97}.Debug|Any CPU.Build.0 = Debug|Any CPU
		{6E7B73A0-FEFE-4A45-ABF7-D5A5AAAEEC97}.Release|Any CPU.ActiveCfg = Release|Any CPU
		{6E7B73A0-FEFE-4A45-ABF7-D5A5AAAEEC97}.Release|Any CPU.Build.0 = Release|Any CPU
		{8E33BCD2-CEB2-4F71-92EE-159B23AA7D08}.Debug|Any CPU.ActiveCfg = Debug|Any CPU
		{8E33BCD2-CEB2-4F71-92EE-159B23AA7D08}.Debug|Any CPU.Build.0 = Debug|Any CPU
		{8E33BCD2-CEB2-4F71-92EE-159B23AA7D08}.Release|Any CPU.ActiveCfg = Release|Any CPU
		{8E33BCD2-CEB2-4F71-92EE-159B23AA7D08}.Release|Any CPU.Build.0 = Release|Any CPU
		{E0995E18-295D-4699-85C7-188B4B442FF7}.Debug|Any CPU.ActiveCfg = Debug|Any CPU
		{E0995E18-295D-4699-85C7-188B4B442FF7}.Debug|Any CPU.Build.0 = Debug|Any CPU
		{E0995E18-295D-4699-85C7-188B4B442FF7}.Release|Any CPU.ActiveCfg = Release|Any CPU
		{E0995E18-295D-4699-85C7-188B4B442FF7}.Release|Any CPU.Build.0 = Release|Any CPU
	EndGlobalSection
	GlobalSection(SolutionProperties) = preSolution
		HideSolutionNode = FALSE
	EndGlobalSection
	GlobalSection(NestedProjects) = preSolution
		{2AC71240-8C21-4CF9-A851-366E795AAC2A} = {0EC7EDBF-26BB-462F-888D-91E15BF23049}
		{0A002CBD-95FC-4DB9-B315-266FBB5C5997} = {0EC7EDBF-26BB-462F-888D-91E15BF23049}
		{36FBE602-7987-4154-AAF3-F39A610C441C} = {0EC7EDBF-26BB-462F-888D-91E15BF23049}
		{56357B17-C823-4389-A6D6-1FF67A66025A} = {0EC7EDBF-26BB-462F-888D-91E15BF23049}
		{E8FA8906-091F-4FD6-ACC1-A7A392F528AD} = {0EC7EDBF-26BB-462F-888D-91E15BF23049}
		{C5CEA617-CD46-45FC-BBDC-9745EA19EC10} = {42C7D9E5-8F77-4798-AFC1-0237644F34FB}
		{74EC1EEA-2320-40B7-B9DB-5AF2013F371E} = {42C7D9E5-8F77-4798-AFC1-0237644F34FB}
		{4E0DECBE-C408-47AE-B32D-F3BFAC07FEDC} = {42C7D9E5-8F77-4798-AFC1-0237644F34FB}
		{7AA3BF74-CB21-4193-887A-7E8919A15ED8} = {42C7D9E5-8F77-4798-AFC1-0237644F34FB}
		{C106DC55-A07B-4332-811D-42EE62DCC404} = {42C7D9E5-8F77-4798-AFC1-0237644F34FB}
		{C31E9BF3-C7D6-4F80-BD94-84070A61CE67} = {42C7D9E5-8F77-4798-AFC1-0237644F34FB}
		{538A0592-DA11-473B-93DC-FA2044469B09} = {42C7D9E5-8F77-4798-AFC1-0237644F34FB}
		{3A623FB3-4DA8-466E-BB0D-16889B7788B7} = {DD0332F3-160E-48FB-B79F-6CD14DB1FFFD}
		{7384854A-3210-4099-813A-5DE4ED9A3F04} = {DD0332F3-160E-48FB-B79F-6CD14DB1FFFD}
		{1E7D386A-1B0F-4824-9FAB-A90EE8F5562D} = {DD0332F3-160E-48FB-B79F-6CD14DB1FFFD}
		{9B670FFC-3C94-4337-83EA-847C014BAF75} = {DD0332F3-160E-48FB-B79F-6CD14DB1FFFD}
		{AD56FD27-9351-4FFB-B415-388B31E3912A} = {DD0332F3-160E-48FB-B79F-6CD14DB1FFFD}
		{E4244FD3-9980-4B91-9E6D-700FF0AFD957} = {DD0332F3-160E-48FB-B79F-6CD14DB1FFFD}
		{6E7B73A0-FEFE-4A45-ABF7-D5A5AAAEEC97} = {DD0332F3-160E-48FB-B79F-6CD14DB1FFFD}
		{8E33BCD2-CEB2-4F71-92EE-159B23AA7D08} = {DD0332F3-160E-48FB-B79F-6CD14DB1FFFD}
		{E0995E18-295D-4699-85C7-188B4B442FF7} = {DD0332F3-160E-48FB-B79F-6CD14DB1FFFD}
	EndGlobalSection
	GlobalSection(ExtensibilityGlobals) = postSolution
		SolutionGuid = {04F80939-27A2-45E8-AE18-B5F3D1DD5AC8}
	EndGlobalSection
EndGlobal
